
Microsoft Visual Studio Solution File, Format Version 12.00
# Visual Studio Version 17
VisualStudioVersion = 17.6.33723.286
MinimumVisualStudioVersion = 10.0.40219.1
Project("{9A19103F-16F7-4668-BE54-9A1E7A4F7556}") = "cb2wled", "cb2wled.csproj", "{1585FC34-8707-40B8-9C4F-E8E0B258A08F}"
EndProject
Global
	GlobalSection(SolutionConfigurationPlatforms) = preSolution
		Debug|Any CPU = Debug|Any CPU
		Release|Any CPU = Release|Any CPU
	EndGlobalSection
	GlobalSection(ProjectConfigurationPlatforms) = postSolution
		{1585FC34-8707-40B8-9C4F-E8E0B258A08F}.Debug|Any CPU.ActiveCfg = Debug|Any CPU
		{1585FC34-8707-40B8-9C4F-E8E0B258A08F}.Debug|Any CPU.Build.0 = Debug|Any CPU
		{1585FC34-8707-40B8-9C4F-E8E0B258A08F}.Release|Any CPU.ActiveCfg = Release|Any CPU
		{1585FC34-8707-40B8-9C4F-E8E0B258A08F}.Release|Any CPU.Build.0 = Release|Any CPU
	EndGlobalSection
	GlobalSection(SolutionProperties) = preSolution
		HideSolutionNode = FALSE
	EndGlobalSection
	GlobalSection(ExtensibilityGlobals) = postSolution
		SolutionGuid = {DB4FA677-4B37-4A64-B7E8-861651D3C0CF}
	EndGlobalSection
EndGlobal
